
Microsoft Visual Studio Solution File, Format Version 12.00
# Visual Studio Version 17
VisualStudioVersion = 17.2.32630.192
MinimumVisualStudioVersion = 10.0.40219.1
Project("{FAE04EC0-301F-11D3-BF4B-00C04F79EFBC}") = "Project 1", "Arrays\Project 1.csproj", "{987C9CAC-9CF7-4E12-BCF9-AC498BF68047}"
EndProject
Project("{FAE04EC0-301F-11D3-BF4B-00C04F79EFBC}") = "Project 2", "Project 2\Project 2.csproj", "{876A4AE7-0335-4968-BE37-0D741F3F25FA}"
EndProject
Project("{FAE04EC0-301F-11D3-BF4B-00C04F79EFBC}") = "Project 3", "Project 3\Project 3.csproj", "{F4A79505-5685-45CF-926B-D5B87BA565CB}"
EndProject
Global
	GlobalSection(SolutionConfigurationPlatforms) = preSolution
		Debug|Any CPU = Debug|Any CPU
		Release|Any CPU = Release|Any CPU
	EndGlobalSection
	GlobalSection(ProjectConfigurationPlatforms) = postSolution
		{987C9CAC-9CF7-4E12-BCF9-AC498BF68047}.Debug|Any CPU.ActiveCfg = Debug|Any CPU
		{987C9CAC-9CF7-4E12-BCF9-AC498BF68047}.Debug|Any CPU.Build.0 = Debug|Any CPU
		{987C9CAC-9CF7-4E12-BCF9-AC498BF68047}.Release|Any CPU.ActiveCfg = Release|Any CPU
		{987C9CAC-9CF7-4E12-BCF9-AC498BF68047}.Release|Any CPU.Build.0 = Release|Any CPU
		{876A4AE7-0335-4968-BE37-0D741F3F25FA}.Debug|Any CPU.ActiveCfg = Debug|Any CPU
		{876A4AE7-0335-4968-BE37-0D741F3F25FA}.Debug|Any CPU.Build.0 = Debug|Any CPU
		{876A4AE7-0335-4968-BE37-0D741F3F25FA}.Release|Any CPU.ActiveCfg = Release|Any CPU
		{876A4AE7-0335-4968-BE37-0D741F3F25FA}.Release|Any CPU.Build.0 = Release|Any CPU
		{F4A79505-5685-45CF-926B-D5B87BA565CB}.Debug|Any CPU.ActiveCfg = Debug|Any CPU
		{F4A79505-5685-45CF-926B-D5B87BA565CB}.Debug|Any CPU.Build.0 = Debug|Any CPU
		{F4A79505-5685-45CF-926B-D5B87BA565CB}.Release|Any CPU.ActiveCfg = Release|Any CPU
		{F4A79505-5685-45CF-926B-D5B87BA565CB}.Release|Any CPU.Build.0 = Release|Any CPU
	EndGlobalSection
	GlobalSection(SolutionProperties) = preSolution
		HideSolutionNode = FALSE
	EndGlobalSection
	GlobalSection(ExtensibilityGlobals) = postSolution
		SolutionGuid = {2F46B3E1-15E9-46B1-8E6A-CD56DC6CC906}
	EndGlobalSection
EndGlobal
